// !$*UTF8*$!
{
	archiveVersion = 1;
	classes = {
	};
	objectVersion = 56;
	objects = {

/* Begin PBXBuildFile section */
		9454790F2A4BB366003BA582 /* AppDelegate.swift in Sources */ = {isa = PBXBuildFile; fileRef = 9454790E2A4BB366003BA582 /* AppDelegate.swift */; };
		945479112A4BB366003BA582 /* SceneDelegate.swift in Sources */ = {isa = PBXBuildFile; fileRef = 945479102A4BB366003BA582 /* SceneDelegate.swift */; };
		945479132A4BB366003BA582 /* MainVC.swift in Sources */ = {isa = PBXBuildFile; fileRef = 945479122A4BB366003BA582 /* MainVC.swift */; };
		945479182A4BB368003BA582 /* Assets.xcassets in Resources */ = {isa = PBXBuildFile; fileRef = 945479172A4BB368003BA582 /* Assets.xcassets */; };
		9454791B2A4BB368003BA582 /* LaunchScreen.storyboard in Resources */ = {isa = PBXBuildFile; fileRef = 945479192A4BB368003BA582 /* LaunchScreen.storyboard */; };
		945479262A4BB368003BA582 /* FixSuksaTests.swift in Sources */ = {isa = PBXBuildFile; fileRef = 945479252A4BB368003BA582 /* FixSuksaTests.swift */; };
		945479302A4BB368003BA582 /* FixSuksaUITests.swift in Sources */ = {isa = PBXBuildFile; fileRef = 9454792F2A4BB368003BA582 /* FixSuksaUITests.swift */; };
		945479322A4BB368003BA582 /* FixSuksaUITestsLaunchTests.swift in Sources */ = {isa = PBXBuildFile; fileRef = 945479312A4BB368003BA582 /* FixSuksaUITestsLaunchTests.swift */; };
		945479422A4BB85B003BA582 /* BlueToothSerial.swift in Sources */ = {isa = PBXBuildFile; fileRef = 945479412A4BB85B003BA582 /* BlueToothSerial.swift */; };
		945479452A4BBC85003BA582 /* Then in Frameworks */ = {isa = PBXBuildFile; productRef = 945479442A4BBC85003BA582 /* Then */; };
		945479482A4BBC93003BA582 /* SnapKit in Frameworks */ = {isa = PBXBuildFile; productRef = 945479472A4BBC93003BA582 /* SnapKit */; };
		9454794D2A4BBDB2003BA582 /* ScanVC.swift in Sources */ = {isa = PBXBuildFile; fileRef = 9454794C2A4BBDB2003BA582 /* ScanVC.swift */; };
		945479592A4BC2C2003BA582 /* ScanTableViewCell.swift in Sources */ = {isa = PBXBuildFile; fileRef = 945479582A4BC2C2003BA582 /* ScanTableViewCell.swift */; };
/* End PBXBuildFile section */

/* Begin PBXContainerItemProxy section */
		945479222A4BB368003BA582 /* PBXContainerItemProxy */ = {
			isa = PBXContainerItemProxy;
			containerPortal = 945479032A4BB366003BA582 /* Project object */;
			proxyType = 1;
			remoteGlobalIDString = 9454790A2A4BB366003BA582;
			remoteInfo = FixSuksa;
		};
		9454792C2A4BB368003BA582 /* PBXContainerItemProxy */ = {
			isa = PBXContainerItemProxy;
			containerPortal = 945479032A4BB366003BA582 /* Project object */;
			proxyType = 1;
			remoteGlobalIDString = 9454790A2A4BB366003BA582;
			remoteInfo = FixSuksa;
		};
/* End PBXContainerItemProxy section */

/* Begin PBXFileReference section */
		9454790B2A4BB366003BA582 /* FixSuksa.app */ = {isa = PBXFileReference; explicitFileType = wrapper.application; includeInIndex = 0; path = FixSuksa.app; sourceTree = BUILT_PRODUCTS_DIR; };
		9454790E2A4BB366003BA582 /* AppDelegate.swift */ = {isa = PBXFileReference; lastKnownFileType = sourcecode.swift; path = AppDelegate.swift; sourceTree = "<group>"; };
		945479102A4BB366003BA582 /* SceneDelegate.swift */ = {isa = PBXFileReference; lastKnownFileType = sourcecode.swift; path = SceneDelegate.swift; sourceTree = "<group>"; };
		945479122A4BB366003BA582 /* MainVC.swift */ = {isa = PBXFileReference; lastKnownFileType = sourcecode.swift; path = MainVC.swift; sourceTree = "<group>"; };
		945479172A4BB368003BA582 /* Assets.xcassets */ = {isa = PBXFileReference; lastKnownFileType = folder.assetcatalog; path = Assets.xcassets; sourceTree = "<group>"; };
		9454791A2A4BB368003BA582 /* Base */ = {isa = PBXFileReference; lastKnownFileType = file.storyboard; name = Base; path = Base.lproj/LaunchScreen.storyboard; sourceTree = "<group>"; };
		945479212A4BB368003BA582 /* FixSuksaTests.xctest */ = {isa = PBXFileReference; explicitFileType = wrapper.cfbundle; includeInIndex = 0; path = FixSuksaTests.xctest; sourceTree = BUILT_PRODUCTS_DIR; };
		945479252A4BB368003BA582 /* FixSuksaTests.swift */ = {isa = PBXFileReference; lastKnownFileType = sourcecode.swift; path = FixSuksaTests.swift; sourceTree = "<group>"; };
		9454792B2A4BB368003BA582 /* FixSuksaUITests.xctest */ = {isa = PBXFileReference; explicitFileType = wrapper.cfbundle; includeInIndex = 0; path = FixSuksaUITests.xctest; sourceTree = BUILT_PRODUCTS_DIR; };
		9454792F2A4BB368003BA582 /* FixSuksaUITests.swift */ = {isa = PBXFileReference; lastKnownFileType = sourcecode.swift; path = FixSuksaUITests.swift; sourceTree = "<group>"; };
		945479312A4BB368003BA582 /* FixSuksaUITestsLaunchTests.swift */ = {isa = PBXFileReference; lastKnownFileType = sourcecode.swift; path = FixSuksaUITestsLaunchTests.swift; sourceTree = "<group>"; };
		945479412A4BB85B003BA582 /* BlueToothSerial.swift */ = {isa = PBXFileReference; lastKnownFileType = sourcecode.swift; path = BlueToothSerial.swift; sourceTree = "<group>"; };
		9454794C2A4BBDB2003BA582 /* ScanVC.swift */ = {isa = PBXFileReference; lastKnownFileType = sourcecode.swift; path = ScanVC.swift; sourceTree = "<group>"; };
		945479542A4BBF04003BA582 /* Info.plist */ = {isa = PBXFileReference; fileEncoding = 4; lastKnownFileType = text.plist.xml; name = Info.plist; path = ../../../.Trash/Info.plist; sourceTree = "<group>"; };
		945479582A4BC2C2003BA582 /* ScanTableViewCell.swift */ = {isa = PBXFileReference; lastKnownFileType = sourcecode.swift; path = ScanTableViewCell.swift; sourceTree = "<group>"; };
/* End PBXFileReference section */

/* Begin PBXFrameworksBuildPhase section */
		945479082A4BB366003BA582 /* Frameworks */ = {
			isa = PBXFrameworksBuildPhase;
			buildActionMask = 2147483647;
			files = (
				945479452A4BBC85003BA582 /* Then in Frameworks */,
				945479482A4BBC93003BA582 /* SnapKit in Frameworks */,
			);
			runOnlyForDeploymentPostprocessing = 0;
		};
		9454791E2A4BB368003BA582 /* Frameworks */ = {
			isa = PBXFrameworksBuildPhase;
			buildActionMask = 2147483647;
			files = (
			);
			runOnlyForDeploymentPostprocessing = 0;
		};
		945479282A4BB368003BA582 /* Frameworks */ = {
			isa = PBXFrameworksBuildPhase;
			buildActionMask = 2147483647;
			files = (
			);
			runOnlyForDeploymentPostprocessing = 0;
		};
/* End PBXFrameworksBuildPhase section */

/* Begin PBXGroup section */
		945479022A4BB366003BA582 = {
			isa = PBXGroup;
			children = (
				9454790D2A4BB366003BA582 /* FixSuksa */,
				945479242A4BB368003BA582 /* FixSuksaTests */,
				9454792E2A4BB368003BA582 /* FixSuksaUITests */,
				9454790C2A4BB366003BA582 /* Products */,
			);
			sourceTree = "<group>";
		};
		9454790C2A4BB366003BA582 /* Products */ = {
			isa = PBXGroup;
			children = (
				9454790B2A4BB366003BA582 /* FixSuksa.app */,
				945479212A4BB368003BA582 /* FixSuksaTests.xctest */,
				9454792B2A4BB368003BA582 /* FixSuksaUITests.xctest */,
			);
			name = Products;
			sourceTree = "<group>";
		};
		9454790D2A4BB366003BA582 /* FixSuksa */ = {
			isa = PBXGroup;
			children = (
				945479502A4BBE24003BA582 /* Source */,
				9454794F2A4BBE18003BA582 /* Resource */,
				9454794E2A4BBE0D003BA582 /* Support */,
			);
			path = FixSuksa;
			sourceTree = "<group>";
		};
		945479242A4BB368003BA582 /* FixSuksaTests */ = {
			isa = PBXGroup;
			children = (
				945479252A4BB368003BA582 /* FixSuksaTests.swift */,
			);
			path = FixSuksaTests;
			sourceTree = "<group>";
		};
		9454792E2A4BB368003BA582 /* FixSuksaUITests */ = {
			isa = PBXGroup;
			children = (
				9454792F2A4BB368003BA582 /* FixSuksaUITests.swift */,
				945479312A4BB368003BA582 /* FixSuksaUITestsLaunchTests.swift */,
			);
			path = FixSuksaUITests;
			sourceTree = "<group>";
		};
		9454793E2A4BB81D003BA582 /* BlueToothSerial */ = {
			isa = PBXGroup;
			children = (
				945479412A4BB85B003BA582 /* BlueToothSerial.swift */,
			);
			path = BlueToothSerial;
			sourceTree = "<group>";
		};
		945479492A4BBD89003BA582 /* Main */ = {
			isa = PBXGroup;
			children = (
				945479122A4BB366003BA582 /* MainVC.swift */,
			);
			path = Main;
			sourceTree = "<group>";
		};
		9454794A2A4BBD8D003BA582 /* Scan */ = {
			isa = PBXGroup;
			children = (
				9454794C2A4BBDB2003BA582 /* ScanVC.swift */,
				945479582A4BC2C2003BA582 /* ScanTableViewCell.swift */,
			);
			path = Scan;
			sourceTree = "<group>";
		};
		9454794B2A4BBDA6003BA582 /* App */ = {
			isa = PBXGroup;
			children = (
				9454790E2A4BB366003BA582 /* AppDelegate.swift */,
				945479102A4BB366003BA582 /* SceneDelegate.swift */,
			);
			path = App;
			sourceTree = "<group>";
		};
		9454794E2A4BBE0D003BA582 /* Support */ = {
			isa = PBXGroup;
			children = (
				945479542A4BBF04003BA582 /* Info.plist */,
			);
			path = Support;
			sourceTree = "<group>";
		};
		9454794F2A4BBE18003BA582 /* Resource */ = {
			isa = PBXGroup;
			children = (
				945479192A4BB368003BA582 /* LaunchScreen.storyboard */,
				945479172A4BB368003BA582 /* Assets.xcassets */,
			);
			path = Resource;
			sourceTree = "<group>";
		};
		945479502A4BBE24003BA582 /* Source */ = {
			isa = PBXGroup;
			children = (
				945479512A4BBE30003BA582 /* Scene */,
				9454794B2A4BBDA6003BA582 /* App */,
				9454793E2A4BB81D003BA582 /* BlueToothSerial */,
			);
			path = Source;
			sourceTree = "<group>";
		};
		945479512A4BBE30003BA582 /* Scene */ = {
			isa = PBXGroup;
			children = (
				9454794A2A4BBD8D003BA582 /* Scan */,
				945479492A4BBD89003BA582 /* Main */,
			);
			path = Scene;
			sourceTree = "<group>";
		};
/* End PBXGroup section */

/* Begin PBXNativeTarget section */
		9454790A2A4BB366003BA582 /* FixSuksa */ = {
			isa = PBXNativeTarget;
			buildConfigurationList = 945479352A4BB368003BA582 /* Build configuration list for PBXNativeTarget "FixSuksa" */;
			buildPhases = (
				945479072A4BB366003BA582 /* Sources */,
				945479082A4BB366003BA582 /* Frameworks */,
				945479092A4BB366003BA582 /* Resources */,
			);
			buildRules = (
			);
			dependencies = (
			);
			name = FixSuksa;
			packageProductDependencies = (
				945479442A4BBC85003BA582 /* Then */,
				945479472A4BBC93003BA582 /* SnapKit */,
			);
			productName = FixSuksa;
			productReference = 9454790B2A4BB366003BA582 /* FixSuksa.app */;
			productType = "com.apple.product-type.application";
		};
		945479202A4BB368003BA582 /* FixSuksaTests */ = {
			isa = PBXNativeTarget;
			buildConfigurationList = 945479382A4BB368003BA582 /* Build configuration list for PBXNativeTarget "FixSuksaTests" */;
			buildPhases = (
				9454791D2A4BB368003BA582 /* Sources */,
				9454791E2A4BB368003BA582 /* Frameworks */,
				9454791F2A4BB368003BA582 /* Resources */,
			);
			buildRules = (
			);
			dependencies = (
				945479232A4BB368003BA582 /* PBXTargetDependency */,
			);
			name = FixSuksaTests;
			productName = FixSuksaTests;
			productReference = 945479212A4BB368003BA582 /* FixSuksaTests.xctest */;
			productType = "com.apple.product-type.bundle.unit-test";
		};
		9454792A2A4BB368003BA582 /* FixSuksaUITests */ = {
			isa = PBXNativeTarget;
			buildConfigurationList = 9454793B2A4BB368003BA582 /* Build configuration list for PBXNativeTarget "FixSuksaUITests" */;
			buildPhases = (
				945479272A4BB368003BA582 /* Sources */,
				945479282A4BB368003BA582 /* Frameworks */,
				945479292A4BB368003BA582 /* Resources */,
			);
			buildRules = (
			);
			dependencies = (
				9454792D2A4BB368003BA582 /* PBXTargetDependency */,
			);
			name = FixSuksaUITests;
			productName = FixSuksaUITests;
			productReference = 9454792B2A4BB368003BA582 /* FixSuksaUITests.xctest */;
			productType = "com.apple.product-type.bundle.ui-testing";
		};
/* End PBXNativeTarget section */

/* Begin PBXProject section */
		945479032A4BB366003BA582 /* Project object */ = {
			isa = PBXProject;
			attributes = {
				BuildIndependentTargetsInParallel = 1;
				LastSwiftUpdateCheck = 1430;
				LastUpgradeCheck = 1430;
				TargetAttributes = {
					9454790A2A4BB366003BA582 = {
						CreatedOnToolsVersion = 14.3;
					};
					945479202A4BB368003BA582 = {
						CreatedOnToolsVersion = 14.3;
						TestTargetID = 9454790A2A4BB366003BA582;
					};
					9454792A2A4BB368003BA582 = {
						CreatedOnToolsVersion = 14.3;
						TestTargetID = 9454790A2A4BB366003BA582;
					};
				};
			};
			buildConfigurationList = 945479062A4BB366003BA582 /* Build configuration list for PBXProject "FixSuksa" */;
			compatibilityVersion = "Xcode 14.0";
			developmentRegion = en;
			hasScannedForEncodings = 0;
			knownRegions = (
				en,
				Base,
			);
			mainGroup = 945479022A4BB366003BA582;
			packageReferences = (
				945479432A4BBC85003BA582 /* XCRemoteSwiftPackageReference "Then" */,
				945479462A4BBC93003BA582 /* XCRemoteSwiftPackageReference "SnapKit" */,
			);
			productRefGroup = 9454790C2A4BB366003BA582 /* Products */;
			projectDirPath = "";
			projectRoot = "";
			targets = (
				9454790A2A4BB366003BA582 /* FixSuksa */,
				945479202A4BB368003BA582 /* FixSuksaTests */,
				9454792A2A4BB368003BA582 /* FixSuksaUITests */,
			);
		};
/* End PBXProject section */

/* Begin PBXResourcesBuildPhase section */
		945479092A4BB366003BA582 /* Resources */ = {
			isa = PBXResourcesBuildPhase;
			buildActionMask = 2147483647;
			files = (
				9454791B2A4BB368003BA582 /* LaunchScreen.storyboard in Resources */,
				945479182A4BB368003BA582 /* Assets.xcassets in Resources */,
			);
			runOnlyForDeploymentPostprocessing = 0;
		};
		9454791F2A4BB368003BA582 /* Resources */ = {
			isa = PBXResourcesBuildPhase;
			buildActionMask = 2147483647;
			files = (
			);
			runOnlyForDeploymentPostprocessing = 0;
		};
		945479292A4BB368003BA582 /* Resources */ = {
			isa = PBXResourcesBuildPhase;
			buildActionMask = 2147483647;
			files = (
			);
			runOnlyForDeploymentPostprocessing = 0;
		};
/* End PBXResourcesBuildPhase section */

/* Begin PBXSourcesBuildPhase section */
		945479072A4BB366003BA582 /* Sources */ = {
			isa = PBXSourcesBuildPhase;
			buildActionMask = 2147483647;
			files = (
				945479132A4BB366003BA582 /* MainVC.swift in Sources */,
				9454794D2A4BBDB2003BA582 /* ScanVC.swift in Sources */,
				9454790F2A4BB366003BA582 /* AppDelegate.swift in Sources */,
				945479422A4BB85B003BA582 /* BlueToothSerial.swift in Sources */,
				945479592A4BC2C2003BA582 /* ScanTableViewCell.swift in Sources */,
				945479112A4BB366003BA582 /* SceneDelegate.swift in Sources */,
			);
			runOnlyForDeploymentPostprocessing = 0;
		};
		9454791D2A4BB368003BA582 /* Sources */ = {
			isa = PBXSourcesBuildPhase;
			buildActionMask = 2147483647;
			files = (
				945479262A4BB368003BA582 /* FixSuksaTests.swift in Sources */,
			);
			runOnlyForDeploymentPostprocessing = 0;
		};
		945479272A4BB368003BA582 /* Sources */ = {
			isa = PBXSourcesBuildPhase;
			buildActionMask = 2147483647;
			files = (
				945479322A4BB368003BA582 /* FixSuksaUITestsLaunchTests.swift in Sources */,
				945479302A4BB368003BA582 /* FixSuksaUITests.swift in Sources */,
			);
			runOnlyForDeploymentPostprocessing = 0;
		};
/* End PBXSourcesBuildPhase section */

/* Begin PBXTargetDependency section */
		945479232A4BB368003BA582 /* PBXTargetDependency */ = {
			isa = PBXTargetDependency;
			target = 9454790A2A4BB366003BA582 /* FixSuksa */;
			targetProxy = 945479222A4BB368003BA582 /* PBXContainerItemProxy */;
		};
		9454792D2A4BB368003BA582 /* PBXTargetDependency */ = {
			isa = PBXTargetDependency;
			target = 9454790A2A4BB366003BA582 /* FixSuksa */;
			targetProxy = 9454792C2A4BB368003BA582 /* PBXContainerItemProxy */;
		};
/* End PBXTargetDependency section */

/* Begin PBXVariantGroup section */
		945479192A4BB368003BA582 /* LaunchScreen.storyboard */ = {
			isa = PBXVariantGroup;
			children = (
				9454791A2A4BB368003BA582 /* Base */,
			);
			name = LaunchScreen.storyboard;
			sourceTree = "<group>";
		};
/* End PBXVariantGroup section */

/* Begin XCBuildConfiguration section */
		945479332A4BB368003BA582 /* Debug */ = {
			isa = XCBuildConfiguration;
			buildSettings = {
				ALWAYS_SEARCH_USER_PATHS = NO;
				CLANG_ANALYZER_NONNULL = YES;
				CLANG_ANALYZER_NUMBER_OBJECT_CONVERSION = YES_AGGRESSIVE;
				CLANG_CXX_LANGUAGE_STANDARD = "gnu++20";
				CLANG_ENABLE_MODULES = YES;
				CLANG_ENABLE_OBJC_ARC = YES;
				CLANG_ENABLE_OBJC_WEAK = YES;
				CLANG_WARN_BLOCK_CAPTURE_AUTORELEASING = YES;
				CLANG_WARN_BOOL_CONVERSION = YES;
				CLANG_WARN_COMMA = YES;
				CLANG_WARN_CONSTANT_CONVERSION = YES;
				CLANG_WARN_DEPRECATED_OBJC_IMPLEMENTATIONS = YES;
				CLANG_WARN_DIRECT_OBJC_ISA_USAGE = YES_ERROR;
				CLANG_WARN_DOCUMENTATION_COMMENTS = YES;
				CLANG_WARN_EMPTY_BODY = YES;
				CLANG_WARN_ENUM_CONVERSION = YES;
				CLANG_WARN_INFINITE_RECURSION = YES;
				CLANG_WARN_INT_CONVERSION = YES;
				CLANG_WARN_NON_LITERAL_NULL_CONVERSION = YES;
				CLANG_WARN_OBJC_IMPLICIT_RETAIN_SELF = YES;
				CLANG_WARN_OBJC_LITERAL_CONVERSION = YES;
				CLANG_WARN_OBJC_ROOT_CLASS = YES_ERROR;
				CLANG_WARN_QUOTED_INCLUDE_IN_FRAMEWORK_HEADER = YES;
				CLANG_WARN_RANGE_LOOP_ANALYSIS = YES;
				CLANG_WARN_STRICT_PROTOTYPES = YES;
				CLANG_WARN_SUSPICIOUS_MOVE = YES;
				CLANG_WARN_UNGUARDED_AVAILABILITY = YES_AGGRESSIVE;
				CLANG_WARN_UNREACHABLE_CODE = YES;
				CLANG_WARN__DUPLICATE_METHOD_MATCH = YES;
				COPY_PHASE_STRIP = NO;
				DEBUG_INFORMATION_FORMAT = dwarf;
				ENABLE_STRICT_OBJC_MSGSEND = YES;
				ENABLE_TESTABILITY = YES;
				GCC_C_LANGUAGE_STANDARD = gnu11;
				GCC_DYNAMIC_NO_PIC = NO;
				GCC_NO_COMMON_BLOCKS = YES;
				GCC_OPTIMIZATION_LEVEL = 0;
				GCC_PREPROCESSOR_DEFINITIONS = (
					"DEBUG=1",
					"$(inherited)",
				);
				GCC_WARN_64_TO_32_BIT_CONVERSION = YES;
				GCC_WARN_ABOUT_RETURN_TYPE = YES_ERROR;
				GCC_WARN_UNDECLARED_SELECTOR = YES;
				GCC_WARN_UNINITIALIZED_AUTOS = YES_AGGRESSIVE;
				GCC_WARN_UNUSED_FUNCTION = YES;
				GCC_WARN_UNUSED_VARIABLE = YES;
				IPHONEOS_DEPLOYMENT_TARGET = 16.4;
				MTL_ENABLE_DEBUG_INFO = INCLUDE_SOURCE;
				MTL_FAST_MATH = YES;
				ONLY_ACTIVE_ARCH = YES;
				SDKROOT = iphoneos;
				SWIFT_ACTIVE_COMPILATION_CONDITIONS = DEBUG;
				SWIFT_OPTIMIZATION_LEVEL = "-Onone";
			};
			name = Debug;
		};
		945479342A4BB368003BA582 /* Release */ = {
			isa = XCBuildConfiguration;
			buildSettings = {
				ALWAYS_SEARCH_USER_PATHS = NO;
				CLANG_ANALYZER_NONNULL = YES;
				CLANG_ANALYZER_NUMBER_OBJECT_CONVERSION = YES_AGGRESSIVE;
				CLANG_CXX_LANGUAGE_STANDARD = "gnu++20";
				CLANG_ENABLE_MODULES = YES;
				CLANG_ENABLE_OBJC_ARC = YES;
				CLANG_ENABLE_OBJC_WEAK = YES;
				CLANG_WARN_BLOCK_CAPTURE_AUTORELEASING = YES;
				CLANG_WARN_BOOL_CONVERSION = YES;
				CLANG_WARN_COMMA = YES;
				CLANG_WARN_CONSTANT_CONVERSION = YES;
				CLANG_WARN_DEPRECATED_OBJC_IMPLEMENTATIONS = YES;
				CLANG_WARN_DIRECT_OBJC_ISA_USAGE = YES_ERROR;
				CLANG_WARN_DOCUMENTATION_COMMENTS = YES;
				CLANG_WARN_EMPTY_BODY = YES;
				CLANG_WARN_ENUM_CONVERSION = YES;
				CLANG_WARN_INFINITE_RECURSION = YES;
				CLANG_WARN_INT_CONVERSION = YES;
				CLANG_WARN_NON_LITERAL_NULL_CONVERSION = YES;
				CLANG_WARN_OBJC_IMPLICIT_RETAIN_SELF = YES;
				CLANG_WARN_OBJC_LITERAL_CONVERSION = YES;
				CLANG_WARN_OBJC_ROOT_CLASS = YES_ERROR;
				CLANG_WARN_QUOTED_INCLUDE_IN_FRAMEWORK_HEADER = YES;
				CLANG_WARN_RANGE_LOOP_ANALYSIS = YES;
				CLANG_WARN_STRICT_PROTOTYPES = YES;
				CLANG_WARN_SUSPICIOUS_MOVE = YES;
				CLANG_WARN_UNGUARDED_AVAILABILITY = YES_AGGRESSIVE;
				CLANG_WARN_UNREACHABLE_CODE = YES;
				CLANG_WARN__DUPLICATE_METHOD_MATCH = YES;
				COPY_PHASE_STRIP = NO;
				DEBUG_INFORMATION_FORMAT = "dwarf-with-dsym";
				ENABLE_NS_ASSERTIONS = NO;
				ENABLE_STRICT_OBJC_MSGSEND = YES;
				GCC_C_LANGUAGE_STANDARD = gnu11;
				GCC_NO_COMMON_BLOCKS = YES;
				GCC_WARN_64_TO_32_BIT_CONVERSION = YES;
				GCC_WARN_ABOUT_RETURN_TYPE = YES_ERROR;
				GCC_WARN_UNDECLARED_SELECTOR = YES;
				GCC_WARN_UNINITIALIZED_AUTOS = YES_AGGRESSIVE;
				GCC_WARN_UNUSED_FUNCTION = YES;
				GCC_WARN_UNUSED_VARIABLE = YES;
				IPHONEOS_DEPLOYMENT_TARGET = 16.4;
				MTL_ENABLE_DEBUG_INFO = NO;
				MTL_FAST_MATH = YES;
				SDKROOT = iphoneos;
				SWIFT_COMPILATION_MODE = wholemodule;
				SWIFT_OPTIMIZATION_LEVEL = "-O";
				VALIDATE_PRODUCT = YES;
			};
			name = Release;
		};
		945479362A4BB368003BA582 /* Debug */ = {
			isa = XCBuildConfiguration;
			buildSettings = {
				ASSETCATALOG_COMPILER_APPICON_NAME = AppIcon;
				ASSETCATALOG_COMPILER_GLOBAL_ACCENT_COLOR_NAME = AccentColor;
				CODE_SIGN_STYLE = Automatic;
				CURRENT_PROJECT_VERSION = 1;
				DEVELOPMENT_TEAM = ZW43FFWC7M;
				GENERATE_INFOPLIST_FILE = YES;
				INFOPLIST_FILE = FixSuksa/Support/Info.plist;
				INFOPLIST_KEY_NSBluetoothAlwaysUsageDescription = "";
				INFOPLIST_KEY_NSBluetoothPeripheralUsageDescription = "";
				INFOPLIST_KEY_UIApplicationSupportsIndirectInputEvents = YES;
				INFOPLIST_KEY_UILaunchStoryboardName = LaunchScreen;
				INFOPLIST_KEY_UISupportedInterfaceOrientations_iPad = "UIInterfaceOrientationPortrait UIInterfaceOrientationPortraitUpsideDown UIInterfaceOrientationLandscapeLeft UIInterfaceOrientationLandscapeRight";
				INFOPLIST_KEY_UISupportedInterfaceOrientations_iPhone = "UIInterfaceOrientationPortrait UIInterfaceOrientationLandscapeLeft UIInterfaceOrientationLandscapeRight";
				LD_RUNPATH_SEARCH_PATHS = (
					"$(inherited)",
					"@executable_path/Frameworks",
				);
				MARKETING_VERSION = 1.0;
				PRODUCT_BUNDLE_IDENTIFIER = junhwa.FixSuksa;
				PRODUCT_NAME = "$(TARGET_NAME)";
				SWIFT_EMIT_LOC_STRINGS = YES;
				SWIFT_VERSION = 5.0;
				TARGETED_DEVICE_FAMILY = "1,2";
			};
			name = Debug;
		};
		945479372A4BB368003BA582 /* Release */ = {
			isa = XCBuildConfiguration;
			buildSettings = {
				ASSETCATALOG_COMPILER_APPICON_NAME = AppIcon;
				ASSETCATALOG_COMPILER_GLOBAL_ACCENT_COLOR_NAME = AccentColor;
				CODE_SIGN_STYLE = Automatic;
				CURRENT_PROJECT_VERSION = 1;
				DEVELOPMENT_TEAM = ZW43FFWC7M;
				GENERATE_INFOPLIST_FILE = YES;
				INFOPLIST_FILE = FixSuksa/Support/Info.plist;
				INFOPLIST_KEY_NSBluetoothAlwaysUsageDescription = "";
				INFOPLIST_KEY_NSBluetoothPeripheralUsageDescription = "";
				INFOPLIST_KEY_UIApplicationSupportsIndirectInputEvents = YES;
				INFOPLIST_KEY_UILaunchStoryboardName = LaunchScreen;
				INFOPLIST_KEY_UISupportedInterfaceOrientations_iPad = "UIInterfaceOrientationPortrait UIInterfaceOrientationPortraitUpsideDown UIInterfaceOrientationLandscapeLeft UIInterfaceOrientationLandscapeRight";
				INFOPLIST_KEY_UISupportedInterfaceOrientations_iPhone = "UIInterfaceOrientationPortrait UIInterfaceOrientationLandscapeLeft UIInterfaceOrientationLandscapeRight";
				LD_RUNPATH_SEARCH_PATHS = (
					"$(inherited)",
					"@executable_path/Frameworks",
				);
				MARKETING_VERSION = 1.0;
				PRODUCT_BUNDLE_IDENTIFIER = junhwa.FixSuksa;
				PRODUCT_NAME = "$(TARGET_NAME)";
				SWIFT_EMIT_LOC_STRINGS = YES;
				SWIFT_VERSION = 5.0;
				TARGETED_DEVICE_FAMILY = "1,2";
			};
			name = Release;
		};
		945479392A4BB368003BA582 /* Debug */ = {
			isa = XCBuildConfiguration;
			buildSettings = {
				ALWAYS_EMBED_SWIFT_STANDARD_LIBRARIES = YES;
				BUNDLE_LOADER = "$(TEST_HOST)";
				CODE_SIGN_STYLE = Automatic;
				CURRENT_PROJECT_VERSION = 1;
				DEVELOPMENT_TEAM = ZW43FFWC7M;
				GENERATE_INFOPLIST_FILE = YES;
				IPHONEOS_DEPLOYMENT_TARGET = 16.4;
				MARKETING_VERSION = 1.0;
				PRODUCT_BUNDLE_IDENTIFIER = junhwa.FixSuksaTests;
				PRODUCT_NAME = "$(TARGET_NAME)";
				SWIFT_EMIT_LOC_STRINGS = NO;
				SWIFT_VERSION = 5.0;
				TARGETED_DEVICE_FAMILY = "1,2";
				TEST_HOST = "$(BUILT_PRODUCTS_DIR)/FixSuksa.app/$(BUNDLE_EXECUTABLE_FOLDER_PATH)/FixSuksa";
			};
			name = Debug;
		};
		9454793A2A4BB368003BA582 /* Release */ = {
			isa = XCBuildConfiguration;
			buildSettings = {
				ALWAYS_EMBED_SWIFT_STANDARD_LIBRARIES = YES;
				BUNDLE_LOADER = "$(TEST_HOST)";
				CODE_SIGN_STYLE = Automatic;
				CURRENT_PROJECT_VERSION = 1;
				DEVELOPMENT_TEAM = ZW43FFWC7M;
				GENERATE_INFOPLIST_FILE = YES;
				IPHONEOS_DEPLOYMENT_TARGET = 16.4;
				MARKETING_VERSION = 1.0;
				PRODUCT_BUNDLE_IDENTIFIER = junhwa.FixSuksaTests;
				PRODUCT_NAME = "$(TARGET_NAME)";
				SWIFT_EMIT_LOC_STRINGS = NO;
				SWIFT_VERSION = 5.0;
				TARGETED_DEVICE_FAMILY = "1,2";
				TEST_HOST = "$(BUILT_PRODUCTS_DIR)/FixSuksa.app/$(BUNDLE_EXECUTABLE_FOLDER_PATH)/FixSuksa";
			};
			name = Release;
		};
		9454793C2A4BB368003BA582 /* Debug */ = {
			isa = XCBuildConfiguration;
			buildSettings = {
				ALWAYS_EMBED_SWIFT_STANDARD_LIBRARIES = YES;
				CODE_SIGN_STYLE = Automatic;
				CURRENT_PROJECT_VERSION = 1;
				DEVELOPMENT_TEAM = ZW43FFWC7M;
				GENERATE_INFOPLIST_FILE = YES;
				MARKETING_VERSION = 1.0;
				PRODUCT_BUNDLE_IDENTIFIER = junhwa.FixSuksaUITests;
				PRODUCT_NAME = "$(TARGET_NAME)";
				SWIFT_EMIT_LOC_STRINGS = NO;
				SWIFT_VERSION = 5.0;
				TARGETED_DEVICE_FAMILY = "1,2";
				TEST_TARGET_NAME = FixSuksa;
			};
			name = Debug;
		};
		9454793D2A4BB368003BA582 /* Release */ = {
			isa = XCBuildConfiguration;
			buildSettings = {
				ALWAYS_EMBED_SWIFT_STANDARD_LIBRARIES = YES;
				CODE_SIGN_STYLE = Automatic;
				CURRENT_PROJECT_VERSION = 1;
				DEVELOPMENT_TEAM = ZW43FFWC7M;
				GENERATE_INFOPLIST_FILE = YES;
				MARKETING_VERSION = 1.0;
				PRODUCT_BUNDLE_IDENTIFIER = junhwa.FixSuksaUITests;
				PRODUCT_NAME = "$(TARGET_NAME)";
				SWIFT_EMIT_LOC_STRINGS = NO;
				SWIFT_VERSION = 5.0;
				TARGETED_DEVICE_FAMILY = "1,2";
				TEST_TARGET_NAME = FixSuksa;
			};
			name = Release;
		};
/* End XCBuildConfiguration section */

/* Begin XCConfigurationList section */
		945479062A4BB366003BA582 /* Build configuration list for PBXProject "FixSuksa" */ = {
			isa = XCConfigurationList;
			buildConfigurations = (
				945479332A4BB368003BA582 /* Debug */,
				945479342A4BB368003BA582 /* Release */,
			);
			defaultConfigurationIsVisible = 0;
			defaultConfigurationName = Release;
		};
		945479352A4BB368003BA582 /* Build configuration list for PBXNativeTarget "FixSuksa" */ = {
			isa = XCConfigurationList;
			buildConfigurations = (
				945479362A4BB368003BA582 /* Debug */,
				945479372A4BB368003BA582 /* Release */,
			);
			defaultConfigurationIsVisible = 0;
			defaultConfigurationName = Release;
		};
		945479382A4BB368003BA582 /* Build configuration list for PBXNativeTarget "FixSuksaTests" */ = {
			isa = XCConfigurationList;
			buildConfigurations = (
				945479392A4BB368003BA582 /* Debug */,
				9454793A2A4BB368003BA582 /* Release */,
			);
			defaultConfigurationIsVisible = 0;
			defaultConfigurationName = Release;
		};
		9454793B2A4BB368003BA582 /* Build configuration list for PBXNativeTarget "FixSuksaUITests" */ = {
			isa = XCConfigurationList;
			buildConfigurations = (
				9454793C2A4BB368003BA582 /* Debug */,
				9454793D2A4BB368003BA582 /* Release */,
			);
			defaultConfigurationIsVisible = 0;
			defaultConfigurationName = Release;
		};
/* End XCConfigurationList section */

/* Begin XCRemoteSwiftPackageReference section */
		945479432A4BBC85003BA582 /* XCRemoteSwiftPackageReference "Then" */ = {
			isa = XCRemoteSwiftPackageReference;
			repositoryURL = "https://github.com/devxoul/Then";
			requirement = {
				kind = upToNextMajorVersion;
				minimumVersion = 3.0.0;
			};
		};
		945479462A4BBC93003BA582 /* XCRemoteSwiftPackageReference "SnapKit" */ = {
			isa = XCRemoteSwiftPackageReference;
			repositoryURL = "https://github.com/SnapKit/SnapKit";
			requirement = {
				kind = upToNextMajorVersion;
				minimumVersion = 5.0.0;
			};
		};
/* End XCRemoteSwiftPackageReference section */

/* Begin XCSwiftPackageProductDependency section */
		945479442A4BBC85003BA582 /* Then */ = {
			isa = XCSwiftPackageProductDependency;
			package = 945479432A4BBC85003BA582 /* XCRemoteSwiftPackageReference "Then" */;
			productName = Then;
		};
		945479472A4BBC93003BA582 /* SnapKit */ = {
			isa = XCSwiftPackageProductDependency;
			package = 945479462A4BBC93003BA582 /* XCRemoteSwiftPackageReference "SnapKit" */;
			productName = SnapKit;
		};
/* End XCSwiftPackageProductDependency section */
	};
	rootObject = 945479032A4BB366003BA582 /* Project object */;
}
